// !$*UTF8*$!
{
	archiveVersion = 1;
	classes = {
	};
	objectVersion = 50;
	objects = {

/* Begin PBXBuildFile section */
		22C34AA223E934EE005049C7 /* Wormholes.cpp in Sources */ = {isa = PBXBuildFile; fileRef = 22C34AA123E934EE005049C7 /* Wormholes.cpp */; };
/* End PBXBuildFile section */

/* Begin PBXCopyFilesBuildPhase section */
		22BFB62423DC073800108510 /* CopyFiles */ = {
			isa = PBXCopyFilesBuildPhase;
			buildActionMask = 2147483647;
			dstPath = /usr/share/man/man1/;
			dstSubfolderSpec = 0;
			files = (
			);
			runOnlyForDeploymentPostprocessing = 1;
		};
/* End PBXCopyFilesBuildPhase section */

/* Begin PBXFileReference section */
		2200DCDC23DCED6C0003F3F1 /* Array.cpp */ = {isa = PBXFileReference; lastKnownFileType = sourcecode.cpp.cpp; path = Array.cpp; sourceTree = "<group>"; };
		2200DCDE23DD08D00003F3F1 /* GeorgeAndRound.cpp */ = {isa = PBXFileReference; lastKnownFileType = sourcecode.cpp.cpp; path = GeorgeAndRound.cpp; sourceTree = "<group>"; };
		222443FD23E677C6006AEAA3 /* Find The Median.cpp */ = {isa = PBXFileReference; lastKnownFileType = sourcecode.cpp.cpp; path = "Find The Median.cpp"; sourceTree = "<group>"; };
		2230E60E23DF145200095C08 /* Validate The Maze  Validate The Maze  Validate The Maze.cpp */ = {isa = PBXFileReference; lastKnownFileType = sourcecode.cpp.cpp; path = "Validate The Maze  Validate The Maze  Validate The Maze.cpp"; sourceTree = "<group>"; };
		2230E61023DF210A00095C08 /* Guilty Prince.cpp */ = {isa = PBXFileReference; lastKnownFileType = sourcecode.cpp.cpp; path = "Guilty Prince.cpp"; sourceTree = "<group>"; };
		223F95F423DC1D58002AF35F /* Fashion in Berland.cpp */ = {isa = PBXFileReference; lastKnownFileType = sourcecode.cpp.cpp; path = "Fashion in Berland.cpp"; sourceTree = "<group>"; usesTabs = 0; };
		223F95F623DC22A1002AF35F /* BearAndGame.cpp */ = {isa = PBXFileReference; lastKnownFileType = sourcecode.cpp.cpp; path = BearAndGame.cpp; sourceTree = "<group>"; };
		223F95F823DC32B9002AF35F /* VitalyAndString.cpp */ = {isa = PBXFileReference; lastKnownFileType = sourcecode.cpp.cpp; path = VitalyAndString.cpp; sourceTree = "<group>"; };
		223F95FA23DC3A64002AF35F /* Array2BachHigherThanArray1Begin.cpp */ = {isa = PBXFileReference; lastKnownFileType = sourcecode.cpp.cpp; path = Array2BachHigherThanArray1Begin.cpp; sourceTree = "<group>"; };
		223F95FD23DC44B8002AF35F /* BigSegment.cpp */ = {isa = PBXFileReference; lastKnownFileType = sourcecode.cpp.cpp; path = BigSegment.cpp; sourceTree = "<group>"; };
		22BFB62623DC073800108510 /* LearnAlgorithmnCPlusPlus */ = {isa = PBXFileReference; explicitFileType = "compiled.mach-o.executable"; includeInIndex = 0; path = LearnAlgorithmnCPlusPlus; sourceTree = BUILT_PRODUCTS_DIR; };
		22C34AA123E934EE005049C7 /* Wormholes.cpp */ = {isa = PBXFileReference; lastKnownFileType = sourcecode.cpp.cpp; path = Wormholes.cpp; sourceTree = "<group>"; };
		22C3B6FF23DFAA0400C20796 /* Bishu and his Girlfriend  Bishu and his Girlfriend  Bishu and his Girlfriend  Bishu and his Girlfriend.cpp */ = {isa = PBXFileReference; lastKnownFileType = sourcecode.cpp.cpp; path = "Bishu and his Girlfriend  Bishu and his Girlfriend  Bishu and his Girlfriend  Bishu and his Girlfriend.cpp"; sourceTree = "<group>"; };
		22C3B70123DFB00C00C20796 /* The Last Shot.cpp */ = {isa = PBXFileReference; lastKnownFileType = sourcecode.cpp.cpp; path = "The Last Shot.cpp"; sourceTree = "<group>"; };
		22C3B70423DFBC8000C20796 /* Monk and Multiplication  Monk and Multiplication  Monk and Multiplication  Monk and Multiplication  Monk and Multiplication.cpp */ = {isa = PBXFileReference; lastKnownFileType = sourcecode.cpp.cpp; path = "Monk and Multiplication  Monk and Multiplication  Monk and Multiplication  Monk and Multiplication  Monk and Multiplication.cpp"; sourceTree = "<group>"; };
		22CD2DB723DE72D1007AC7C7 /* Chores.cpp */ = {isa = PBXFileReference; lastKnownFileType = sourcecode.cpp.cpp; path = Chores.cpp; sourceTree = "<group>"; };
		22CD2DB923DE7B2A007AC7C7 /* SortTheArray.cpp */ = {isa = PBXFileReference; lastKnownFileType = sourcecode.cpp.cpp; path = SortTheArray.cpp; sourceTree = "<group>"; };
		22CD2DBC23DE8AD7007AC7C7 /* Transform the Expression.cpp */ = {isa = PBXFileReference; lastKnownFileType = sourcecode.cpp.cpp; path = "Transform the Expression.cpp"; sourceTree = "<group>"; };
		22CD2DBE23DE95A4007AC7C7 /* Throwing Cards Away I.cpp */ = {isa = PBXFileReference; lastKnownFileType = sourcecode.cpp.cpp; path = "Throwing Cards Away I.cpp"; sourceTree = "<group>"; };
		22CD2DC123DE99F9007AC7C7 /* Breadth First Search: Shortest Reach.cpp */ = {isa = PBXFileReference; lastKnownFileType = sourcecode.cpp.cpp; path = "Breadth First Search: Shortest Reach.cpp"; sourceTree = "<group>"; };
		22D91C3F23E269F2007912A8 /* Travelling Cost.cpp */ = {isa = PBXFileReference; lastKnownFileType = sourcecode.cpp.cpp; path = "Travelling Cost.cpp"; sourceTree = "<group>"; };
		22D91C4123E275AD007912A8 /* Mice and Maze.cpp */ = {isa = PBXFileReference; lastKnownFileType = sourcecode.cpp.cpp; path = "Mice and Maze.cpp"; sourceTree = "<group>"; };
		22E8A63523DD507B00A0ABB5 /* Books.cpp */ = {isa = PBXFileReference; lastKnownFileType = sourcecode.cpp.cpp; path = Books.cpp; sourceTree = "<group>"; };
		22EE1D5123E044AC007745C7 /* Add All.cpp */ = {isa = PBXFileReference; lastKnownFileType = sourcecode.cpp.cpp; path = "Add All.cpp"; sourceTree = "<group>"; };
		22EE1D5323E0487A007745C7 /* Qheap1.cpp */ = {isa = PBXFileReference; lastKnownFileType = sourcecode.cpp.cpp; path = Qheap1.cpp; sourceTree = "<group>"; };
		22EE1D5523E057E9007745C7 /* Restaurant Rating.cpp */ = {isa = PBXFileReference; lastKnownFileType = sourcecode.cpp.cpp; path = "Restaurant Rating.cpp"; sourceTree = "<group>"; };
		22F7BE0A23E5A56000FF403B /* The Shortest Path  The Shortest Path  The Shortest Path.cpp */ = {isa = PBXFileReference; lastKnownFileType = sourcecode.cpp.cpp; path = "The Shortest Path  The Shortest Path  The Shortest Path.cpp"; sourceTree = "<group>"; };
		22F7BE0C23E5B81200FF403B /* Traffic Network  Traffic Network  Traffic Network.cpp */ = {isa = PBXFileReference; lastKnownFileType = sourcecode.cpp.cpp; path = "Traffic Network  Traffic Network  Traffic Network.cpp"; sourceTree = "<group>"; };
		22F7BE0E23E5D8ED00FF403B /* Sending Email.cpp */ = {isa = PBXFileReference; lastKnownFileType = sourcecode.cpp.cpp; path = "Sending Email.cpp"; sourceTree = "<group>"; };
		22F7BE1123E5E39600FF403B /* Printer Queue  Printer Queue  Printer Queue  Printer Queue (UnAccepted).cpp */ = {isa = PBXFileReference; lastKnownFileType = sourcecode.cpp.cpp; path = "Printer Queue  Printer Queue  Printer Queue  Printer Queue (UnAccepted).cpp"; sourceTree = "<group>"; };
		22F7BE1323E5E53E00FF403B /* Pangram.cpp */ = {isa = PBXFileReference; lastKnownFileType = sourcecode.cpp.cpp; path = Pangram.cpp; sourceTree = "<group>"; };
		22F7BE1523E5E7B000FF403B /* Soldier and Bananas.cpp */ = {isa = PBXFileReference; lastKnownFileType = sourcecode.cpp.cpp; path = "Soldier and Bananas.cpp"; sourceTree = "<group>"; };
/* End PBXFileReference section */

/* Begin PBXFrameworksBuildPhase section */
		22BFB62323DC073800108510 /* Frameworks */ = {
			isa = PBXFrameworksBuildPhase;
			buildActionMask = 2147483647;
			files = (
			);
			runOnlyForDeploymentPostprocessing = 0;
		};
/* End PBXFrameworksBuildPhase section */

/* Begin PBXGroup section */
		2200DCDB23DCED300003F3F1 /* ALGORITHMIC COMPLEXITY */ = {
			isa = PBXGroup;
			children = (
				2200DCDC23DCED6C0003F3F1 /* Array.cpp */,
				2200DCDE23DD08D00003F3F1 /* GeorgeAndRound.cpp */,
				22E8A63523DD507B00A0ABB5 /* Books.cpp */,
			);
			path = "ALGORITHMIC COMPLEXITY";
			sourceTree = "<group>";
		};
		222443FF23E67B0E006AEAA3 /* BELLMAN-FORD'S ALGORITHM   */ = {
			isa = PBXGroup;
			children = (
				22C34AA123E934EE005049C7 /* Wormholes.cpp */,
			);
			path = "BELLMAN-FORD'S ALGORITHM  ";
			sourceTree = "<group>";
		};
		223F95F323DC1CED002AF35F /* DYNAMIC ARRAY AND STRING   */ = {
			isa = PBXGroup;
			children = (
				223F95F423DC1D58002AF35F /* Fashion in Berland.cpp */,
				223F95F623DC22A1002AF35F /* BearAndGame.cpp */,
				223F95F823DC32B9002AF35F /* VitalyAndString.cpp */,
				223F95FA23DC3A64002AF35F /* Array2BachHigherThanArray1Begin.cpp */,
				223F95FD23DC44B8002AF35F /* BigSegment.cpp */,
			);
			path = "DYNAMIC ARRAY AND STRING  ";
			sourceTree = "<group>";
		};
		22BFB61D23DC073800108510 = {
			isa = PBXGroup;
			children = (
				22BFB62823DC073800108510 /* LearnAlgorithmnCPlusPlus */,
				22BFB62723DC073800108510 /* Products */,
			);
			sourceTree = "<group>";
		};
		22BFB62723DC073800108510 /* Products */ = {
			isa = PBXGroup;
			children = (
				22BFB62623DC073800108510 /* LearnAlgorithmnCPlusPlus */,
			);
			name = Products;
			sourceTree = "<group>";
		};
		22BFB62823DC073800108510 /* LearnAlgorithmnCPlusPlus */ = {
			isa = PBXGroup;
			children = (
				222443FF23E67B0E006AEAA3 /* BELLMAN-FORD'S ALGORITHM   */,
				22F7BE1023E5E33A00FF403B /* Mid Term */,
				22EE1D5823E0630F007745C7 /* DIJKSTRA'S ALGORITHM */,
				22C3B70323DFBC5A00C20796 /* HEAP */,
				22C3B6FE23DFA99A00C20796 /* DEPTH FIRST SEARCH */,
				22CD2DC023DE99BF007AC7C7 /* BREATH FIRST SEARCH */,
				22CD2DBB23DE8AA9007AC7C7 /* STACK AND QUEUE */,
				22E8A63723DD5B7900A0ABB5 /* SORTING */,
				2200DCDB23DCED300003F3F1 /* ALGORITHMIC COMPLEXITY */,
				223F95F323DC1CED002AF35F /* DYNAMIC ARRAY AND STRING   */,
			);
			path = LearnAlgorithmnCPlusPlus;
			sourceTree = "<group>";
		};
		22C3B6FE23DFA99A00C20796 /* DEPTH FIRST SEARCH */ = {
			isa = PBXGroup;
			children = (
				22C3B6FF23DFAA0400C20796 /* Bishu and his Girlfriend  Bishu and his Girlfriend  Bishu and his Girlfriend  Bishu and his Girlfriend.cpp */,
				22C3B70123DFB00C00C20796 /* The Last Shot.cpp */,
			);
			path = "DEPTH FIRST SEARCH";
			sourceTree = "<group>";
		};
		22C3B70323DFBC5A00C20796 /* HEAP */ = {
			isa = PBXGroup;
			children = (
				22C3B70423DFBC8000C20796 /* Monk and Multiplication  Monk and Multiplication  Monk and Multiplication  Monk and Multiplication  Monk and Multiplication.cpp */,
				22EE1D5123E044AC007745C7 /* Add All.cpp */,
				22EE1D5323E0487A007745C7 /* Qheap1.cpp */,
				22EE1D5523E057E9007745C7 /* Restaurant Rating.cpp */,
			);
			path = HEAP;
			sourceTree = "<group>";
		};
		22CD2DBB23DE8AA9007AC7C7 /* STACK AND QUEUE */ = {
			isa = PBXGroup;
			children = (
				22CD2DBC23DE8AD7007AC7C7 /* Transform the Expression.cpp */,
				22CD2DBE23DE95A4007AC7C7 /* Throwing Cards Away I.cpp */,
			);
			path = "STACK AND QUEUE";
			sourceTree = "<group>";
		};
		22CD2DC023DE99BF007AC7C7 /* BREATH FIRST SEARCH */ = {
			isa = PBXGroup;
			children = (
				22CD2DC123DE99F9007AC7C7 /* Breadth First Search: Shortest Reach.cpp */,
				2230E60E23DF145200095C08 /* Validate The Maze  Validate The Maze  Validate The Maze.cpp */,
				2230E61023DF210A00095C08 /* Guilty Prince.cpp */,
			);
			path = "BREATH FIRST SEARCH";
			sourceTree = "<group>";
		};
		22E8A63723DD5B7900A0ABB5 /* SORTING */ = {
			isa = PBXGroup;
			children = (
				22CD2DB723DE72D1007AC7C7 /* Chores.cpp */,
				22CD2DB923DE7B2A007AC7C7 /* SortTheArray.cpp */,
			);
			path = SORTING;
			sourceTree = "<group>";
		};
		22EE1D5823E0630F007745C7 /* DIJKSTRA'S ALGORITHM */ = {
			isa = PBXGroup;
			children = (
				22D91C3F23E269F2007912A8 /* Travelling Cost.cpp */,
				22D91C4123E275AD007912A8 /* Mice and Maze.cpp */,
				22F7BE0A23E5A56000FF403B /* The Shortest Path  The Shortest Path  The Shortest Path.cpp */,
				22F7BE0C23E5B81200FF403B /* Traffic Network  Traffic Network  Traffic Network.cpp */,
				22F7BE0E23E5D8ED00FF403B /* Sending Email.cpp */,
			);
			path = "DIJKSTRA'S ALGORITHM";
			sourceTree = "<group>";
		};
		22F7BE1023E5E33A00FF403B /* Mid Term */ = {
			isa = PBXGroup;
			children = (
				22F7BE1123E5E39600FF403B /* Printer Queue  Printer Queue  Printer Queue  Printer Queue (UnAccepted).cpp */,
				22F7BE1323E5E53E00FF403B /* Pangram.cpp */,
				22F7BE1523E5E7B000FF403B /* Soldier and Bananas.cpp */,
				222443FD23E677C6006AEAA3 /* Find The Median.cpp */,
			);
			path = "Mid Term";
			sourceTree = "<group>";
		};
/* End PBXGroup section */

/* Begin PBXNativeTarget section */
		22BFB62523DC073800108510 /* LearnAlgorithmnCPlusPlus */ = {
			isa = PBXNativeTarget;
			buildConfigurationList = 22BFB62D23DC073800108510 /* Build configuration list for PBXNativeTarget "LearnAlgorithmnCPlusPlus" */;
			buildPhases = (
				22BFB62223DC073800108510 /* Sources */,
				22BFB62323DC073800108510 /* Frameworks */,
				22BFB62423DC073800108510 /* CopyFiles */,
			);
			buildRules = (
			);
			dependencies = (
			);
			name = LearnAlgorithmnCPlusPlus;
			productName = LearnAlgorithmnCPlusPlus;
			productReference = 22BFB62623DC073800108510 /* LearnAlgorithmnCPlusPlus */;
			productType = "com.apple.product-type.tool";
		};
/* End PBXNativeTarget section */

/* Begin PBXProject section */
		22BFB61E23DC073800108510 /* Project object */ = {
			isa = PBXProject;
			attributes = {
				LastUpgradeCheck = 1130;
				ORGANIZATIONNAME = NguyenTanThien;
				TargetAttributes = {
					22BFB62523DC073800108510 = {
						CreatedOnToolsVersion = 11.3.1;
					};
				};
			};
			buildConfigurationList = 22BFB62123DC073800108510 /* Build configuration list for PBXProject "LearnAlgorithmnCPlusPlus" */;
			compatibilityVersion = "Xcode 9.3";
			developmentRegion = en;
			hasScannedForEncodings = 0;
			knownRegions = (
				en,
				Base,
			);
			mainGroup = 22BFB61D23DC073800108510;
			productRefGroup = 22BFB62723DC073800108510 /* Products */;
			projectDirPath = "";
			projectRoot = "";
			targets = (
				22BFB62523DC073800108510 /* LearnAlgorithmnCPlusPlus */,
			);
		};
/* End PBXProject section */

/* Begin PBXSourcesBuildPhase section */
		22BFB62223DC073800108510 /* Sources */ = {
			isa = PBXSourcesBuildPhase;
			buildActionMask = 2147483647;
			files = (
				22C34AA223E934EE005049C7 /* Wormholes.cpp in Sources */,
			);
			runOnlyForDeploymentPostprocessing = 0;
		};
/* End PBXSourcesBuildPhase section */

/* Begin XCBuildConfiguration section */
		22BFB62B23DC073800108510 /* Debug */ = {
			isa = XCBuildConfiguration;
			buildSettings = {
				ALWAYS_SEARCH_USER_PATHS = NO;
				CLANG_ANALYZER_NONNULL = YES;
				CLANG_ANALYZER_NUMBER_OBJECT_CONVERSION = YES_AGGRESSIVE;
				CLANG_CXX_LANGUAGE_STANDARD = "gnu++14";
				CLANG_CXX_LIBRARY = "libc++";
				CLANG_ENABLE_MODULES = YES;
				CLANG_ENABLE_OBJC_ARC = YES;
				CLANG_ENABLE_OBJC_WEAK = YES;
				CLANG_WARN_BLOCK_CAPTURE_AUTORELEASING = YES;
				CLANG_WARN_BOOL_CONVERSION = YES;
				CLANG_WARN_COMMA = YES;
				CLANG_WARN_CONSTANT_CONVERSION = YES;
				CLANG_WARN_DEPRECATED_OBJC_IMPLEMENTATIONS = YES;
				CLANG_WARN_DIRECT_OBJC_ISA_USAGE = YES_ERROR;
				CLANG_WARN_DOCUMENTATION_COMMENTS = YES;
				CLANG_WARN_EMPTY_BODY = YES;
				CLANG_WARN_ENUM_CONVERSION = YES;
				CLANG_WARN_INFINITE_RECURSION = YES;
				CLANG_WARN_INT_CONVERSION = YES;
				CLANG_WARN_NON_LITERAL_NULL_CONVERSION = YES;
				CLANG_WARN_OBJC_IMPLICIT_RETAIN_SELF = YES;
				CLANG_WARN_OBJC_LITERAL_CONVERSION = YES;
				CLANG_WARN_OBJC_ROOT_CLASS = YES_ERROR;
				CLANG_WARN_RANGE_LOOP_ANALYSIS = YES;
				CLANG_WARN_STRICT_PROTOTYPES = YES;
				CLANG_WARN_SUSPICIOUS_MOVE = YES;
				CLANG_WARN_UNGUARDED_AVAILABILITY = YES_AGGRESSIVE;
				CLANG_WARN_UNREACHABLE_CODE = YES;
				CLANG_WARN__DUPLICATE_METHOD_MATCH = YES;
				COPY_PHASE_STRIP = NO;
				DEBUG_INFORMATION_FORMAT = dwarf;
				ENABLE_STRICT_OBJC_MSGSEND = YES;
				ENABLE_TESTABILITY = YES;
				GCC_C_LANGUAGE_STANDARD = gnu11;
				GCC_DYNAMIC_NO_PIC = NO;
				GCC_NO_COMMON_BLOCKS = YES;
				GCC_OPTIMIZATION_LEVEL = 0;
				GCC_PREPROCESSOR_DEFINITIONS = (
					"DEBUG=1",
					"$(inherited)",
				);
				GCC_WARN_64_TO_32_BIT_CONVERSION = YES;
				GCC_WARN_ABOUT_RETURN_TYPE = YES_ERROR;
				GCC_WARN_UNDECLARED_SELECTOR = YES;
				GCC_WARN_UNINITIALIZED_AUTOS = YES_AGGRESSIVE;
				GCC_WARN_UNUSED_FUNCTION = YES;
				GCC_WARN_UNUSED_VARIABLE = YES;
				MACOSX_DEPLOYMENT_TARGET = 10.14;
				MTL_ENABLE_DEBUG_INFO = INCLUDE_SOURCE;
				MTL_FAST_MATH = YES;
				ONLY_ACTIVE_ARCH = YES;
				SDKROOT = macosx;
			};
			name = Debug;
		};
		22BFB62C23DC073800108510 /* Release */ = {
			isa = XCBuildConfiguration;
			buildSettings = {
				ALWAYS_SEARCH_USER_PATHS = NO;
				CLANG_ANALYZER_NONNULL = YES;
				CLANG_ANALYZER_NUMBER_OBJECT_CONVERSION = YES_AGGRESSIVE;
				CLANG_CXX_LANGUAGE_STANDARD = "gnu++14";
				CLANG_CXX_LIBRARY = "libc++";
				CLANG_ENABLE_MODULES = YES;
				CLANG_ENABLE_OBJC_ARC = YES;
				CLANG_ENABLE_OBJC_WEAK = YES;
				CLANG_WARN_BLOCK_CAPTURE_AUTORELEASING = YES;
				CLANG_WARN_BOOL_CONVERSION = YES;
				CLANG_WARN_COMMA = YES;
				CLANG_WARN_CONSTANT_CONVERSION = YES;
				CLANG_WARN_DEPRECATED_OBJC_IMPLEMENTATIONS = YES;
				CLANG_WARN_DIRECT_OBJC_ISA_USAGE = YES_ERROR;
				CLANG_WARN_DOCUMENTATION_COMMENTS = YES;
				CLANG_WARN_EMPTY_BODY = YES;
				CLANG_WARN_ENUM_CONVERSION = YES;
				CLANG_WARN_INFINITE_RECURSION = YES;
				CLANG_WARN_INT_CONVERSION = YES;
				CLANG_WARN_NON_LITERAL_NULL_CONVERSION = YES;
				CLANG_WARN_OBJC_IMPLICIT_RETAIN_SELF = YES;
				CLANG_WARN_OBJC_LITERAL_CONVERSION = YES;
				CLANG_WARN_OBJC_ROOT_CLASS = YES_ERROR;
				CLANG_WARN_RANGE_LOOP_ANALYSIS = YES;
				CLANG_WARN_STRICT_PROTOTYPES = YES;
				CLANG_WARN_SUSPICIOUS_MOVE = YES;
				CLANG_WARN_UNGUARDED_AVAILABILITY = YES_AGGRESSIVE;
				CLANG_WARN_UNREACHABLE_CODE = YES;
				CLANG_WARN__DUPLICATE_METHOD_MATCH = YES;
				COPY_PHASE_STRIP = NO;
				DEBUG_INFORMATION_FORMAT = "dwarf-with-dsym";
				ENABLE_NS_ASSERTIONS = NO;
				ENABLE_STRICT_OBJC_MSGSEND = YES;
				GCC_C_LANGUAGE_STANDARD = gnu11;
				GCC_NO_COMMON_BLOCKS = YES;
				GCC_WARN_64_TO_32_BIT_CONVERSION = YES;
				GCC_WARN_ABOUT_RETURN_TYPE = YES_ERROR;
				GCC_WARN_UNDECLARED_SELECTOR = YES;
				GCC_WARN_UNINITIALIZED_AUTOS = YES_AGGRESSIVE;
				GCC_WARN_UNUSED_FUNCTION = YES;
				GCC_WARN_UNUSED_VARIABLE = YES;
				MACOSX_DEPLOYMENT_TARGET = 10.14;
				MTL_ENABLE_DEBUG_INFO = NO;
				MTL_FAST_MATH = YES;
				SDKROOT = macosx;
			};
			name = Release;
		};
		22BFB62E23DC073800108510 /* Debug */ = {
			isa = XCBuildConfiguration;
			buildSettings = {
				CODE_SIGN_STYLE = Automatic;
				DEVELOPMENT_TEAM = 6K4767PGQM;
				ENABLE_HARDENED_RUNTIME = YES;
				NEW_SETTING = "";
				NEW_SETTING1 = "";
				PRODUCT_NAME = "$(TARGET_NAME)";
			};
			name = Debug;
		};
		22BFB62F23DC073800108510 /* Release */ = {
			isa = XCBuildConfiguration;
			buildSettings = {
				CODE_SIGN_STYLE = Automatic;
				DEVELOPMENT_TEAM = 6K4767PGQM;
				ENABLE_HARDENED_RUNTIME = YES;
				NEW_SETTING = "";
				NEW_SETTING1 = "";
				PRODUCT_NAME = "$(TARGET_NAME)";
			};
			name = Release;
		};
/* End XCBuildConfiguration section */

/* Begin XCConfigurationList section */
		22BFB62123DC073800108510 /* Build configuration list for PBXProject "LearnAlgorithmnCPlusPlus" */ = {
			isa = XCConfigurationList;
			buildConfigurations = (
				22BFB62B23DC073800108510 /* Debug */,
				22BFB62C23DC073800108510 /* Release */,
			);
			defaultConfigurationIsVisible = 0;
			defaultConfigurationName = Release;
		};
		22BFB62D23DC073800108510 /* Build configuration list for PBXNativeTarget "LearnAlgorithmnCPlusPlus" */ = {
			isa = XCConfigurationList;
			buildConfigurations = (
				22BFB62E23DC073800108510 /* Debug */,
				22BFB62F23DC073800108510 /* Release */,
			);
			defaultConfigurationIsVisible = 0;
			defaultConfigurationName = Release;
		};
/* End XCConfigurationList section */
	};
	rootObject = 22BFB61E23DC073800108510 /* Project object */;
}
